{
  "version": 4,
  "terraform_version": "1.6.6",
  "serial": 18,
  "lineage": "68e5b2b1-e098-0199-1fa6-7078ef079d53",
  "outputs": {
    "file_path": {
      "value": "output_file.txt",
      "type": "string"
    }
  },
  "resources": [
    {
      "mode": "managed",
      "type": "local_file",
      "name": "all_types",
      "provider": "provider[\"registry.terraform.io/hashicorp/local\"]",
      "instances": [
        {
          "schema_version": 0,
          "attributes": {
            "content": "77",
            "content_base64": null,
            "content_base64sha256": "qIp5AstO9pe6C2dZxQ6MECl/9Y+UIkPeGbmEhBv+H3M=",
            "content_base64sha512": "hIZah1k1AKqqKaScOCuESR65esYakmTt1ySqqoEicEClV0ErmIQcFO1Is2X5ovJfr39ZVh0AG/oRgHDsYN6o8w==",
            "content_md5": "28dd2c7955ce926456240b2ff0100bde",
            "content_sha1": "d321d6f7ccf98b51540ec9d933f20898af3bd71e",
            "content_sha256": "a88a7902cb4ef697ba0b6759c50e8c10297ff58f942243de19b984841bfe1f73",
            "content_sha512": "84865a87593500aaaa29a49c382b84491eb97ac61a9264edd724aaaa81227040a557412b98841c14ed48b365f9a2f25faf7f59561d001bfa118070ec60dea8f3",
            "directory_permission": "0777",
            "file_permission": "0777",
            "filename": "./all/all.txt",
            "id": "d321d6f7ccf98b51540ec9d933f20898af3bd71e",
            "sensitive_content": null,
            "source": null
          },
          "sensitive_attributes": []
        }
      ]
    },
    {
      "mode": "managed",
      "type": "local_file",
      "name": "example",
      "provider": "provider[\"registry.terraform.io/hashicorp/local\"]",
      "instances": [
        {
          "schema_version": 0,
          "attributes": {
            "content": "Hi i am the 1st Student\nHi i am the 2nd Student\nHi i am the 3rd Student",
            "content_base64": null,
            "content_base64sha256": "4hkdLJvXQlzwOzfnFPK9aPT2ed1xDMkWA4n3+O5YkwI=",
            "content_base64sha512": "xJODH46Et+1Wn1HQ4Ujl3SEwzi4pB8O2h9f9DK5BX7NzMLt2Xl2mDQHzTJlNC6Qar2RpY0ZhQ8LfMMA0V8q3EQ==",
            "content_md5": "8751801eeba877f17ff21927a82b37fd",
            "content_sha1": "4a71fd9ef445346df88146f6cfb9c7ada9aa9c5a",
            "content_sha256": "e2191d2c9bd7425cf03b37e714f2bd68f4f679dd710cc9160389f7f8ee589302",
            "content_sha512": "c493831f8e84b7ed569f51d0e148e5dd2130ce2e2907c3b687d7fd0cae415fb37330bb765e5da60d01f34c994d0ba41aaf646963466143c2df30c03457cab711",
            "directory_permission": "0777",
            "file_permission": "0777",
            "filename": "output_file.txt",
            "id": "4a71fd9ef445346df88146f6cfb9c7ada9aa9c5a",
            "sensitive_content": null,
            "source": null
          },
          "sensitive_attributes": []
        }
      ]
    },
    {
      "mode": "managed",
      "type": "local_file",
      "name": "example_bool",
      "provider": "provider[\"registry.terraform.io/hashicorp/local\"]",
      "instances": [
        {
          "index_key": 0,
          "schema_version": 0,
          "attributes": {
            "content": "This is the content of the file",
            "content_base64": null,
            "content_base64sha256": "3Jqar0QpXNIwvWQsNLFK/Ggndi6o0WCF8ryN+plyih0=",
            "content_base64sha512": "wwSnCtwJHu05hf70B9s2qTLLcbip2ClfrNtLGYKS/3viuWXHgVIUTZ7DlnXE1X6pJvFyIM9JnQTrB7YL88kY7A==",
            "content_md5": "d3f417646951d56ee15b9eb39a055205",
            "content_sha1": "c22bac022a07d03bf9b24380a28fcfc9c1044797",
            "content_sha256": "dc9a9aaf44295cd230bd642c34b14afc6827762ea8d16085f2bc8dfa99728a1d",
            "content_sha512": "c304a70adc091eed3985fef407db36a932cb71b8a9d8295facdb4b198292ff7be2b965c78152144d9ec39675c4d57ea926f17220cf499d04eb07b60bf3c918ec",
            "directory_permission": "0777",
            "file_permission": "0777",
            "filename": "output_file1.txt",
            "id": "c22bac022a07d03bf9b24380a28fcfc9c1044797",
            "sensitive_content": null,
            "source": null
          },
          "sensitive_attributes": []
        }
      ]
    },
    {
      "mode": "managed",
      "type": "local_file",
      "name": "test1",
      "provider": "provider[\"registry.terraform.io/hashicorp/local\"]",
      "instances": [
        {
          "schema_version": 0,
          "attributes": {
            "content": "77",
            "content_base64": null,
            "content_base64sha256": "qIp5AstO9pe6C2dZxQ6MECl/9Y+UIkPeGbmEhBv+H3M=",
            "content_base64sha512": "hIZah1k1AKqqKaScOCuESR65esYakmTt1ySqqoEicEClV0ErmIQcFO1Is2X5ovJfr39ZVh0AG/oRgHDsYN6o8w==",
            "content_md5": "28dd2c7955ce926456240b2ff0100bde",
            "content_sha1": "d321d6f7ccf98b51540ec9d933f20898af3bd71e",
            "content_sha256": "a88a7902cb4ef697ba0b6759c50e8c10297ff58f942243de19b984841bfe1f73",
            "content_sha512": "84865a87593500aaaa29a49c382b84491eb97ac61a9264edd724aaaa81227040a557412b98841c14ed48b365f9a2f25faf7f59561d001bfa118070ec60dea8f3",
            "directory_permission": "0777",
            "file_permission": "0777",
            "filename": "./create_one.txt",
            "id": "d321d6f7ccf98b51540ec9d933f20898af3bd71e",
            "sensitive_content": null,
            "source": null
          },
          "sensitive_attributes": []
        }
      ]
    },
    {
      "mode": "managed",
      "type": "local_sensitive_file",
      "name": "name",
      "provider": "provider[\"registry.terraform.io/hashicorp/local\"]",
      "instances": [
        {
          "schema_version": 0,
          "attributes": {
            "content": "Anish Sharma",
            "content_base64": null,
            "content_base64sha256": "6HAAT+7wagepVTvQvvgG91184wiYpfkALWuJqZssM0s=",
            "content_base64sha512": "stSEWz0iiy0D95LsN7STsCYz/x2UEQbmJV9nRChXTD0+zUR1a2dd9FNU5ONWVsj695NRd9rwG2GxAHTizP/Azg==",
            "content_md5": "dcbe59db3c750f68466cbfa940ada499",
            "content_sha1": "1d67d35449e4c911eb8dab5e9548776ef17669a7",
            "content_sha256": "e870004feef06a07a9553bd0bef806f75d7ce30898a5f9002d6b89a99b2c334b",
            "content_sha512": "b2d4845b3d228b2d03f792ec37b493b02633ff1d941106e6255f674428574c3d3ecd44756b675df45354e4e35656c8faf7935177daf01b61b10074e2ccffc0ce",
            "directory_permission": "0700",
            "file_permission": "0700",
            "filename": "./create_two.txt",
            "id": "1d67d35449e4c911eb8dab5e9548776ef17669a7",
            "source": null
          },
          "sensitive_attributes": []
        }
      ]
    },
    {
      "mode": "managed",
      "type": "local_sensitive_file",
      "name": "name2",
      "provider": "provider[\"registry.terraform.io/hashicorp/local\"]",
      "instances": [
        {
          "schema_version": 0,
          "attributes": {
            "content": "777",
            "content_base64": null,
            "content_base64sha256": "6vidtxCEcNw/ayPqkGGCZLPo+LYUU3FmfEBV6cXOn1I=",
            "content_base64sha512": "CTdj1rFFfp+0Tus0Zzd4OtE7tzk3DUp9QtnK3o2pBAuMZOUlqg8q/eLdWpjnY/veaaZ5CYYDCDxqdvovZqoRiA==",
            "content_md5": "f1c1592588411002af340cbaedd6fc33",
            "content_sha1": "fc7a734dba518f032608dfeb04f4eeb79f025aa7",
            "content_sha256": "eaf89db7108470dc3f6b23ea90618264b3e8f8b6145371667c4055e9c5ce9f52",
            "content_sha512": "093763d6b1457e9fb44eeb346737783ad13bb739370d4a7d42d9cade8da9040b8c64e525aa0f2afde2dd5a98e763fbde69a679098603083c6a76fa2f66aa1188",
            "directory_permission": "0700",
            "file_permission": "0700",
            "filename": "./create_two.txt",
            "id": "fc7a734dba518f032608dfeb04f4eeb79f025aa7",
            "source": null
          },
          "sensitive_attributes": []
        }
      ]
    }
  ],
  "check_results": null
}
